// !$*UTF8*$!
{
	archiveVersion = 1;
	classes = {
	};
	objectVersion = 77;
	objects = {

/* Begin PBXContainerItemProxy section */
		672F85452CD2AC4B0049E494 /* PBXContainerItemProxy */ = {
			isa = PBXContainerItemProxy;
			containerPortal = 672F852B2CD2AC4A0049E494 /* Project object */;
			proxyType = 1;
			remoteGlobalIDString = 672F85322CD2AC4A0049E494;
			remoteInfo = ProblemTracker;
		};
		672F854F2CD2AC4B0049E494 /* PBXContainerItemProxy */ = {
			isa = PBXContainerItemProxy;
			containerPortal = 672F852B2CD2AC4A0049E494 /* Project object */;
			proxyType = 1;
			remoteGlobalIDString = 672F85322CD2AC4A0049E494;
			remoteInfo = ProblemTracker;
		};
/* End PBXContainerItemProxy section */

/* Begin PBXFileReference section */
		672F85332CD2AC4A0049E494 /* ProblemTracker.app */ = {isa = PBXFileReference; explicitFileType = wrapper.application; includeInIndex = 0; path = ProblemTracker.app; sourceTree = BUILT_PRODUCTS_DIR; };
		672F85442CD2AC4B0049E494 /* ProblemTrackerTests.xctest */ = {isa = PBXFileReference; explicitFileType = wrapper.cfbundle; includeInIndex = 0; path = ProblemTrackerTests.xctest; sourceTree = BUILT_PRODUCTS_DIR; };
		672F854E2CD2AC4B0049E494 /* ProblemTrackerUITests.xctest */ = {isa = PBXFileReference; explicitFileType = wrapper.cfbundle; includeInIndex = 0; path = ProblemTrackerUITests.xctest; sourceTree = BUILT_PRODUCTS_DIR; };
/* End PBXFileReference section */

/* Begin PBXFileSystemSynchronizedRootGroup section */
		672F85352CD2AC4A0049E494 /* ProblemTracker */ = {
			isa = PBXFileSystemSynchronizedRootGroup;
			path = ProblemTracker;
			sourceTree = "<group>";
		};
		672F85472CD2AC4B0049E494 /* ProblemTrackerTests */ = {
			isa = PBXFileSystemSynchronizedRootGroup;
			path = ProblemTrackerTests;
			sourceTree = "<group>";
		};
		672F85512CD2AC4B0049E494 /* ProblemTrackerUITests */ = {
			isa = PBXFileSystemSynchronizedRootGroup;
			path = ProblemTrackerUITests;
			sourceTree = "<group>";
		};
/* End PBXFileSystemSynchronizedRootGroup section */

/* Begin PBXFrameworksBuildPhase section */
		672F85302CD2AC4A0049E494 /* Frameworks */ = {
			isa = PBXFrameworksBuildPhase;
			buildActionMask = 2147483647;
			files = (
			);
			runOnlyForDeploymentPostprocessing = 0;
		};
		672F85412CD2AC4B0049E494 /* Frameworks */ = {
			isa = PBXFrameworksBuildPhase;
			buildActionMask = 2147483647;
			files = (
			);
			runOnlyForDeploymentPostprocessing = 0;
		};
		672F854B2CD2AC4B0049E494 /* Frameworks */ = {
			isa = PBXFrameworksBuildPhase;
			buildActionMask = 2147483647;
			files = (
			);
			runOnlyForDeploymentPostprocessing = 0;
		};
/* End PBXFrameworksBuildPhase section */

/* Begin PBXGroup section */
		672F852A2CD2AC4A0049E494 = {
			isa = PBXGroup;
			children = (
				672F85352CD2AC4A0049E494 /* ProblemTracker */,
				672F85472CD2AC4B0049E494 /* ProblemTrackerTests */,
				672F85512CD2AC4B0049E494 /* ProblemTrackerUITests */,
				672F85342CD2AC4A0049E494 /* Products */,
			);
			sourceTree = "<group>";
		};
		672F85342CD2AC4A0049E494 /* Products */ = {
			isa = PBXGroup;
			children = (
				672F85332CD2AC4A0049E494 /* ProblemTracker.app */,
				672F85442CD2AC4B0049E494 /* ProblemTrackerTests.xctest */,
				672F854E2CD2AC4B0049E494 /* ProblemTrackerUITests.xctest */,
			);
			name = Products;
			sourceTree = "<group>";
		};
/* End PBXGroup section */

/* Begin PBXNativeTarget section */
		672F85322CD2AC4A0049E494 /* ProblemTracker */ = {
			isa = PBXNativeTarget;
			buildConfigurationList = 672F85582CD2AC4B0049E494 /* Build configuration list for PBXNativeTarget "ProblemTracker" */;
			buildPhases = (
				672F852F2CD2AC4A0049E494 /* Sources */,
				672F85302CD2AC4A0049E494 /* Frameworks */,
				672F85312CD2AC4A0049E494 /* Resources */,
			);
			buildRules = (
			);
			dependencies = (
			);
			fileSystemSynchronizedGroups = (
				672F85352CD2AC4A0049E494 /* ProblemTracker */,
			);
			name = ProblemTracker;
			packageProductDependencies = (
			);
			productName = ProblemTracker;
			productReference = 672F85332CD2AC4A0049E494 /* ProblemTracker.app */;
			productType = "com.apple.product-type.application";
		};
		672F85432CD2AC4B0049E494 /* ProblemTrackerTests */ = {
			isa = PBXNativeTarget;
			buildConfigurationList = 672F855B2CD2AC4B0049E494 /* Build configuration list for PBXNativeTarget "ProblemTrackerTests" */;
			buildPhases = (
				672F85402CD2AC4B0049E494 /* Sources */,
				672F85412CD2AC4B0049E494 /* Frameworks */,
				672F85422CD2AC4B0049E494 /* Resources */,
			);
			buildRules = (
			);
			dependencies = (
				672F85462CD2AC4B0049E494 /* PBXTargetDependency */,
			);
			fileSystemSynchronizedGroups = (
				672F85472CD2AC4B0049E494 /* ProblemTrackerTests */,
			);
			name = ProblemTrackerTests;
			packageProductDependencies = (
			);
			productName = ProblemTrackerTests;
			productReference = 672F85442CD2AC4B0049E494 /* ProblemTrackerTests.xctest */;
			productType = "com.apple.product-type.bundle.unit-test";
		};
		672F854D2CD2AC4B0049E494 /* ProblemTrackerUITests */ = {
			isa = PBXNativeTarget;
			buildConfigurationList = 672F855E2CD2AC4B0049E494 /* Build configuration list for PBXNativeTarget "ProblemTrackerUITests" */;
			buildPhases = (
				672F854A2CD2AC4B0049E494 /* Sources */,
				672F854B2CD2AC4B0049E494 /* Frameworks */,
				672F854C2CD2AC4B0049E494 /* Resources */,
			);
			buildRules = (
			);
			dependencies = (
				672F85502CD2AC4B0049E494 /* PBXTargetDependency */,
			);
			fileSystemSynchronizedGroups = (
				672F85512CD2AC4B0049E494 /* ProblemTrackerUITests */,
			);
			name = ProblemTrackerUITests;
			packageProductDependencies = (
			);
			productName = ProblemTrackerUITests;
			productReference = 672F854E2CD2AC4B0049E494 /* ProblemTrackerUITests.xctest */;
			productType = "com.apple.product-type.bundle.ui-testing";
		};
/* End PBXNativeTarget section */

/* Begin PBXProject section */
		672F852B2CD2AC4A0049E494 /* Project object */ = {
			isa = PBXProject;
			attributes = {
				BuildIndependentTargetsInParallel = 1;
				LastSwiftUpdateCheck = 1600;
				LastUpgradeCheck = 1600;
				TargetAttributes = {
					672F85322CD2AC4A0049E494 = {
						CreatedOnToolsVersion = 16.0;
					};
					672F85432CD2AC4B0049E494 = {
						CreatedOnToolsVersion = 16.0;
						TestTargetID = 672F85322CD2AC4A0049E494;
					};
					672F854D2CD2AC4B0049E494 = {
						CreatedOnToolsVersion = 16.0;
						TestTargetID = 672F85322CD2AC4A0049E494;
					};
				};
			};
			buildConfigurationList = 672F852E2CD2AC4A0049E494 /* Build configuration list for PBXProject "ProblemTracker" */;
			developmentRegion = en;
			hasScannedForEncodings = 0;
			knownRegions = (
				en,
				Base,
			);
			mainGroup = 672F852A2CD2AC4A0049E494;
			minimizedProjectReferenceProxies = 1;
			preferredProjectObjectVersion = 77;
			productRefGroup = 672F85342CD2AC4A0049E494 /* Products */;
			projectDirPath = "";
			projectRoot = "";
			targets = (
				672F85322CD2AC4A0049E494 /* ProblemTracker */,
				672F85432CD2AC4B0049E494 /* ProblemTrackerTests */,
				672F854D2CD2AC4B0049E494 /* ProblemTrackerUITests */,
			);
		};
/* End PBXProject section */

/* Begin PBXResourcesBuildPhase section */
		672F85312CD2AC4A0049E494 /* Resources */ = {
			isa = PBXResourcesBuildPhase;
			buildActionMask = 2147483647;
			files = (
			);
			runOnlyForDeploymentPostprocessing = 0;
		};
		672F85422CD2AC4B0049E494 /* Resources */ = {
			isa = PBXResourcesBuildPhase;
			buildActionMask = 2147483647;
			files = (
			);
			runOnlyForDeploymentPostprocessing = 0;
		};
		672F854C2CD2AC4B0049E494 /* Resources */ = {
			isa = PBXResourcesBuildPhase;
			buildActionMask = 2147483647;
			files = (
			);
			runOnlyForDeploymentPostprocessing = 0;
		};
/* End PBXResourcesBuildPhase section */

/* Begin PBXSourcesBuildPhase section */
		672F852F2CD2AC4A0049E494 /* Sources */ = {
			isa = PBXSourcesBuildPhase;
			buildActionMask = 2147483647;
			files = (
			);
			runOnlyForDeploymentPostprocessing = 0;
		};
		672F85402CD2AC4B0049E494 /* Sources */ = {
			isa = PBXSourcesBuildPhase;
			buildActionMask = 2147483647;
			files = (
			);
			runOnlyForDeploymentPostprocessing = 0;
		};
		672F854A2CD2AC4B0049E494 /* Sources */ = {
			isa = PBXSourcesBuildPhase;
			buildActionMask = 2147483647;
			files = (
			);
			runOnlyForDeploymentPostprocessing = 0;
		};
/* End PBXSourcesBuildPhase section */

/* Begin PBXTargetDependency section */
		672F85462CD2AC4B0049E494 /* PBXTargetDependency */ = {
			isa = PBXTargetDependency;
			target = 672F85322CD2AC4A0049E494 /* ProblemTracker */;
			targetProxy = 672F85452CD2AC4B0049E494 /* PBXContainerItemProxy */;
		};
		672F85502CD2AC4B0049E494 /* PBXTargetDependency */ = {
			isa = PBXTargetDependency;
			target = 672F85322CD2AC4A0049E494 /* ProblemTracker */;
			targetProxy = 672F854F2CD2AC4B0049E494 /* PBXContainerItemProxy */;
		};
/* End PBXTargetDependency section */

/* Begin XCBuildConfiguration section */
		672F85562CD2AC4B0049E494 /* Debug */ = {
			isa = XCBuildConfiguration;
			buildSettings = {
				ALWAYS_SEARCH_USER_PATHS = NO;
				ASSETCATALOG_COMPILER_GENERATE_SWIFT_ASSET_SYMBOL_EXTENSIONS = YES;
				CLANG_ANALYZER_NONNULL = YES;
				CLANG_ANALYZER_NUMBER_OBJECT_CONVERSION = YES_AGGRESSIVE;
				CLANG_CXX_LANGUAGE_STANDARD = "gnu++20";
				CLANG_ENABLE_MODULES = YES;
				CLANG_ENABLE_OBJC_ARC = YES;
				CLANG_ENABLE_OBJC_WEAK = YES;
				CLANG_WARN_BLOCK_CAPTURE_AUTORELEASING = YES;
				CLANG_WARN_BOOL_CONVERSION = YES;
				CLANG_WARN_COMMA = YES;
				CLANG_WARN_CONSTANT_CONVERSION = YES;
				CLANG_WARN_DEPRECATED_OBJC_IMPLEMENTATIONS = YES;
				CLANG_WARN_DIRECT_OBJC_ISA_USAGE = YES_ERROR;
				CLANG_WARN_DOCUMENTATION_COMMENTS = YES;
				CLANG_WARN_EMPTY_BODY = YES;
				CLANG_WARN_ENUM_CONVERSION = YES;
				CLANG_WARN_INFINITE_RECURSION = YES;
				CLANG_WARN_INT_CONVERSION = YES;
				CLANG_WARN_NON_LITERAL_NULL_CONVERSION = YES;
				CLANG_WARN_OBJC_IMPLICIT_RETAIN_SELF = YES;
				CLANG_WARN_OBJC_LITERAL_CONVERSION = YES;
				CLANG_WARN_OBJC_ROOT_CLASS = YES_ERROR;
				CLANG_WARN_QUOTED_INCLUDE_IN_FRAMEWORK_HEADER = YES;
				CLANG_WARN_RANGE_LOOP_ANALYSIS = YES;
				CLANG_WARN_STRICT_PROTOTYPES = YES;
				CLANG_WARN_SUSPICIOUS_MOVE = YES;
				CLANG_WARN_UNGUARDED_AVAILABILITY = YES_AGGRESSIVE;
				CLANG_WARN_UNREACHABLE_CODE = YES;
				CLANG_WARN__DUPLICATE_METHOD_MATCH = YES;
				COPY_PHASE_STRIP = NO;
				DEBUG_INFORMATION_FORMAT = dwarf;
				ENABLE_STRICT_OBJC_MSGSEND = YES;
				ENABLE_TESTABILITY = YES;
				ENABLE_USER_SCRIPT_SANDBOXING = YES;
				GCC_C_LANGUAGE_STANDARD = gnu17;
				GCC_DYNAMIC_NO_PIC = NO;
				GCC_NO_COMMON_BLOCKS = YES;
				GCC_OPTIMIZATION_LEVEL = 0;
				GCC_PREPROCESSOR_DEFINITIONS = (
					"DEBUG=1",
					"$(inherited)",
				);
				GCC_WARN_64_TO_32_BIT_CONVERSION = YES;
				GCC_WARN_ABOUT_RETURN_TYPE = YES_ERROR;
				GCC_WARN_UNDECLARED_SELECTOR = YES;
				GCC_WARN_UNINITIALIZED_AUTOS = YES_AGGRESSIVE;
				GCC_WARN_UNUSED_FUNCTION = YES;
				GCC_WARN_UNUSED_VARIABLE = YES;
				LOCALIZATION_PREFERS_STRING_CATALOGS = YES;
				MACOSX_DEPLOYMENT_TARGET = 15.0;
				MTL_ENABLE_DEBUG_INFO = INCLUDE_SOURCE;
				MTL_FAST_MATH = YES;
				ONLY_ACTIVE_ARCH = YES;
				SDKROOT = macosx;
				SWIFT_ACTIVE_COMPILATION_CONDITIONS = "DEBUG $(inherited)";
				SWIFT_OPTIMIZATION_LEVEL = "-Onone";
			};
			name = Debug;
		};
		672F85572CD2AC4B0049E494 /* Release */ = {
			isa = XCBuildConfiguration;
			buildSettings = {
				ALWAYS_SEARCH_USER_PATHS = NO;
				ASSETCATALOG_COMPILER_GENERATE_SWIFT_ASSET_SYMBOL_EXTENSIONS = YES;
				CLANG_ANALYZER_NONNULL = YES;
				CLANG_ANALYZER_NUMBER_OBJECT_CONVERSION = YES_AGGRESSIVE;
				CLANG_CXX_LANGUAGE_STANDARD = "gnu++20";
				CLANG_ENABLE_MODULES = YES;
				CLANG_ENABLE_OBJC_ARC = YES;
				CLANG_ENABLE_OBJC_WEAK = YES;
				CLANG_WARN_BLOCK_CAPTURE_AUTORELEASING = YES;
				CLANG_WARN_BOOL_CONVERSION = YES;
				CLANG_WARN_COMMA = YES;
				CLANG_WARN_CONSTANT_CONVERSION = YES;
				CLANG_WARN_DEPRECATED_OBJC_IMPLEMENTATIONS = YES;
				CLANG_WARN_DIRECT_OBJC_ISA_USAGE = YES_ERROR;
				CLANG_WARN_DOCUMENTATION_COMMENTS = YES;
				CLANG_WARN_EMPTY_BODY = YES;
				CLANG_WARN_ENUM_CONVERSION = YES;
				CLANG_WARN_INFINITE_RECURSION = YES;
				CLANG_WARN_INT_CONVERSION = YES;
				CLANG_WARN_NON_LITERAL_NULL_CONVERSION = YES;
				CLANG_WARN_OBJC_IMPLICIT_RETAIN_SELF = YES;
				CLANG_WARN_OBJC_LITERAL_CONVERSION = YES;
				CLANG_WARN_OBJC_ROOT_CLASS = YES_ERROR;
				CLANG_WARN_QUOTED_INCLUDE_IN_FRAMEWORK_HEADER = YES;
				CLANG_WARN_RANGE_LOOP_ANALYSIS = YES;
				CLANG_WARN_STRICT_PROTOTYPES = YES;
				CLANG_WARN_SUSPICIOUS_MOVE = YES;
				CLANG_WARN_UNGUARDED_AVAILABILITY = YES_AGGRESSIVE;
				CLANG_WARN_UNREACHABLE_CODE = YES;
				CLANG_WARN__DUPLICATE_METHOD_MATCH = YES;
				COPY_PHASE_STRIP = NO;
				DEBUG_INFORMATION_FORMAT = "dwarf-with-dsym";
				ENABLE_NS_ASSERTIONS = NO;
				ENABLE_STRICT_OBJC_MSGSEND = YES;
				ENABLE_USER_SCRIPT_SANDBOXING = YES;
				GCC_C_LANGUAGE_STANDARD = gnu17;
				GCC_NO_COMMON_BLOCKS = YES;
				GCC_WARN_64_TO_32_BIT_CONVERSION = YES;
				GCC_WARN_ABOUT_RETURN_TYPE = YES_ERROR;
				GCC_WARN_UNDECLARED_SELECTOR = YES;
				GCC_WARN_UNINITIALIZED_AUTOS = YES_AGGRESSIVE;
				GCC_WARN_UNUSED_FUNCTION = YES;
				GCC_WARN_UNUSED_VARIABLE = YES;
				LOCALIZATION_PREFERS_STRING_CATALOGS = YES;
				MACOSX_DEPLOYMENT_TARGET = 15.0;
				MTL_ENABLE_DEBUG_INFO = NO;
				MTL_FAST_MATH = YES;
				SDKROOT = macosx;
				SWIFT_COMPILATION_MODE = wholemodule;
			};
			name = Release;
		};
		672F85592CD2AC4B0049E494 /* Debug */ = {
			isa = XCBuildConfiguration;
			buildSettings = {
				ASSETCATALOG_COMPILER_APPICON_NAME = AppIcon;
				ASSETCATALOG_COMPILER_GLOBAL_ACCENT_COLOR_NAME = AccentColor;
				CODE_SIGN_ENTITLEMENTS = ProblemTracker/ProblemTracker.entitlements;
				"CODE_SIGN_IDENTITY[sdk=macosx*]" = "-";
				CODE_SIGN_STYLE = Automatic;
				COMBINE_HIDPI_IMAGES = YES;
				CURRENT_PROJECT_VERSION = 1;
				DEVELOPMENT_ASSET_PATHS = "\"ProblemTracker/Preview Content\"";
				DEVELOPMENT_TEAM = "";
				ENABLE_PREVIEWS = YES;
				GENERATE_INFOPLIST_FILE = YES;
				INFOPLIST_KEY_NSHumanReadableCopyright = "";
				LD_RUNPATH_SEARCH_PATHS = (
					"$(inherited)",
					"@executable_path/../Frameworks",
				);
				MARKETING_VERSION = 1.0;
				PRODUCT_BUNDLE_IDENTIFIER = c.cppv.ProblemTracker;
				PRODUCT_NAME = "$(TARGET_NAME)";
				SWIFT_EMIT_LOC_STRINGS = YES;
				SWIFT_VERSION = 5.0;
			};
			name = Debug;
		};
		672F855A2CD2AC4B0049E494 /* Release */ = {
			isa = XCBuildConfiguration;
			buildSettings = {
				ASSETCATALOG_COMPILER_APPICON_NAME = AppIcon;
				ASSETCATALOG_COMPILER_GLOBAL_ACCENT_COLOR_NAME = AccentColor;
				CODE_SIGN_ENTITLEMENTS = ProblemTracker/ProblemTracker.entitlements;
				"CODE_SIGN_IDENTITY[sdk=macosx*]" = "-";
				CODE_SIGN_STYLE = Automatic;
				COMBINE_HIDPI_IMAGES = YES;
				CURRENT_PROJECT_VERSION = 1;
				DEVELOPMENT_ASSET_PATHS = "\"ProblemTracker/Preview Content\"";
				DEVELOPMENT_TEAM = "";
				ENABLE_PREVIEWS = YES;
				GENERATE_INFOPLIST_FILE = YES;
				INFOPLIST_KEY_NSHumanReadableCopyright = "";
				LD_RUNPATH_SEARCH_PATHS = (
					"$(inherited)",
					"@executable_path/../Frameworks",
				);
				MARKETING_VERSION = 1.0;
				PRODUCT_BUNDLE_IDENTIFIER = c.cppv.ProblemTracker;
				PRODUCT_NAME = "$(TARGET_NAME)";
				SWIFT_EMIT_LOC_STRINGS = YES;
				SWIFT_VERSION = 5.0;
			};
			name = Release;
		};
		672F855C2CD2AC4B0049E494 /* Debug */ = {
			isa = XCBuildConfiguration;
			buildSettings = {
				BUNDLE_LOADER = "$(TEST_HOST)";
				CODE_SIGN_STYLE = Automatic;
				CURRENT_PROJECT_VERSION = 1;
				GENERATE_INFOPLIST_FILE = YES;
				MACOSX_DEPLOYMENT_TARGET = 15.0;
				MARKETING_VERSION = 1.0;
				PRODUCT_BUNDLE_IDENTIFIER = c.cppv.ProblemTrackerTests;
				PRODUCT_NAME = "$(TARGET_NAME)";
				SWIFT_EMIT_LOC_STRINGS = NO;
				SWIFT_VERSION = 5.0;
				TEST_HOST = "$(BUILT_PRODUCTS_DIR)/ProblemTracker.app/$(BUNDLE_EXECUTABLE_FOLDER_PATH)/ProblemTracker";
			};
			name = Debug;
		};
		672F855D2CD2AC4B0049E494 /* Release */ = {
			isa = XCBuildConfiguration;
			buildSettings = {
				BUNDLE_LOADER = "$(TEST_HOST)";
				CODE_SIGN_STYLE = Automatic;
				CURRENT_PROJECT_VERSION = 1;
				GENERATE_INFOPLIST_FILE = YES;
				MACOSX_DEPLOYMENT_TARGET = 15.0;
				MARKETING_VERSION = 1.0;
				PRODUCT_BUNDLE_IDENTIFIER = c.cppv.ProblemTrackerTests;
				PRODUCT_NAME = "$(TARGET_NAME)";
				SWIFT_EMIT_LOC_STRINGS = NO;
				SWIFT_VERSION = 5.0;
				TEST_HOST = "$(BUILT_PRODUCTS_DIR)/ProblemTracker.app/$(BUNDLE_EXECUTABLE_FOLDER_PATH)/ProblemTracker";
			};
			name = Release;
		};
		672F855F2CD2AC4B0049E494 /* Debug */ = {
			isa = XCBuildConfiguration;
			buildSettings = {
				CODE_SIGN_STYLE = Automatic;
				CURRENT_PROJECT_VERSION = 1;
				GENERATE_INFOPLIST_FILE = YES;
				MARKETING_VERSION = 1.0;
				PRODUCT_BUNDLE_IDENTIFIER = c.cppv.ProblemTrackerUITests;
				PRODUCT_NAME = "$(TARGET_NAME)";
				SWIFT_EMIT_LOC_STRINGS = NO;
				SWIFT_VERSION = 5.0;
				TEST_TARGET_NAME = ProblemTracker;
			};
			name = Debug;
		};
		672F85602CD2AC4B0049E494 /* Release */ = {
			isa = XCBuildConfiguration;
			buildSettings = {
				CODE_SIGN_STYLE = Automatic;
				CURRENT_PROJECT_VERSION = 1;
				GENERATE_INFOPLIST_FILE = YES;
				MARKETING_VERSION = 1.0;
				PRODUCT_BUNDLE_IDENTIFIER = c.cppv.ProblemTrackerUITests;
				PRODUCT_NAME = "$(TARGET_NAME)";
				SWIFT_EMIT_LOC_STRINGS = NO;
				SWIFT_VERSION = 5.0;
				TEST_TARGET_NAME = ProblemTracker;
			};
			name = Release;
		};
/* End XCBuildConfiguration section */

/* Begin XCConfigurationList section */
		672F852E2CD2AC4A0049E494 /* Build configuration list for PBXProject "ProblemTracker" */ = {
			isa = XCConfigurationList;
			buildConfigurations = (
				672F85562CD2AC4B0049E494 /* Debug */,
				672F85572CD2AC4B0049E494 /* Release */,
			);
			defaultConfigurationIsVisible = 0;
			defaultConfigurationName = Release;
		};
		672F85582CD2AC4B0049E494 /* Build configuration list for PBXNativeTarget "ProblemTracker" */ = {
			isa = XCConfigurationList;
			buildConfigurations = (
				672F85592CD2AC4B0049E494 /* Debug */,
				672F855A2CD2AC4B0049E494 /* Release */,
			);
			defaultConfigurationIsVisible = 0;
			defaultConfigurationName = Release;
		};
		672F855B2CD2AC4B0049E494 /* Build configuration list for PBXNativeTarget "ProblemTrackerTests" */ = {
			isa = XCConfigurationList;
			buildConfigurations = (
				672F855C2CD2AC4B0049E494 /* Debug */,
				672F855D2CD2AC4B0049E494 /* Release */,
			);
			defaultConfigurationIsVisible = 0;
			defaultConfigurationName = Release;
		};
		672F855E2CD2AC4B0049E494 /* Build configuration list for PBXNativeTarget "ProblemTrackerUITests" */ = {
			isa = XCConfigurationList;
			buildConfigurations = (
				672F855F2CD2AC4B0049E494 /* Debug */,
				672F85602CD2AC4B0049E494 /* Release */,
			);
			defaultConfigurationIsVisible = 0;
			defaultConfigurationName = Release;
		};
/* End XCConfigurationList section */
	};
	rootObject = 672F852B2CD2AC4A0049E494 /* Project object */;
}
